
Microsoft Visual Studio Solution File, Format Version 12.00
# Visual Studio Version 17
VisualStudioVersion = 17.6.33723.286
MinimumVisualStudioVersion = 10.0.40219.1
Project("{8BC9CEB8-8B4A-11D0-8D11-00A0C91BC942}") = "17-compareAVL", "17-compareAVL\17-compareAVL.vcxproj", "{D04E9F30-4982-4ADF-AADE-F658072F8FE7}"
EndProject
Global
	GlobalSection(SolutionConfigurationPlatforms) = preSolution
		Debug|x64 = Debug|x64
		Debug|x86 = Debug|x86
		Release|x64 = Release|x64
		Release|x86 = Release|x86
	EndGlobalSection
	GlobalSection(ProjectConfigurationPlatforms) = postSolution
		{D04E9F30-4982-4ADF-AADE-F658072F8FE7}.Debug|x64.ActiveCfg = Debug|x64
		{D04E9F30-4982-4ADF-AADE-F658072F8FE7}.Debug|x64.Build.0 = Debug|x64
		{D04E9F30-4982-4ADF-AADE-F658072F8FE7}.Debug|x86.ActiveCfg = Debug|Win32
		{D04E9F30-4982-4ADF-AADE-F658072F8FE7}.Debug|x86.Build.0 = Debug|Win32
		{D04E9F30-4982-4ADF-AADE-F658072F8FE7}.Release|x64.ActiveCfg = Release|x64
		{D04E9F30-4982-4ADF-AADE-F658072F8FE7}.Release|x64.Build.0 = Release|x64
		{D04E9F30-4982-4ADF-AADE-F658072F8FE7}.Release|x86.ActiveCfg = Release|Win32
		{D04E9F30-4982-4ADF-AADE-F658072F8FE7}.Release|x86.Build.0 = Release|Win32
	EndGlobalSection
	GlobalSection(SolutionProperties) = preSolution
		HideSolutionNode = FALSE
	EndGlobalSection
	GlobalSection(ExtensibilityGlobals) = postSolution
		SolutionGuid = {96C800C2-01FA-44A0-AA34-582F254B0782}
	EndGlobalSection
EndGlobal
